
Microsoft Visual Studio Solution File, Format Version 12.00
# Visual Studio Version 17
VisualStudioVersion = 17.4.33110.190
MinimumVisualStudioVersion = 10.0.40219.1
Project("{9A19103F-16F7-4668-BE54-9A1E7A4F7556}") = "CustompgAdmin", "CustompgAdmin\CustompgAdmin.csproj", "{155E4DA6-82EA-4409-877B-EBD3E2AD13B5}"
EndProject
Project("{9A19103F-16F7-4668-BE54-9A1E7A4F7556}") = "CustompgAdmin.Services", "CustompgAdmin.Services\CustompgAdmin.Services.csproj", "{FDAB5411-8148-43B9-9D77-36A92468ECF9}"
EndProject
Project("{9A19103F-16F7-4668-BE54-9A1E7A4F7556}") = "CustompgAdmin.DataAccess", "CustompgAdmin.DataAccess\CustompgAdmin.DataAccess.csproj", "{F21B3BDF-65D4-4AC0-957C-BF5C5C80BFA9}"
EndProject
Project("{9A19103F-16F7-4668-BE54-9A1E7A4F7556}") = "CustompgAdmin.Blazor", "CustompgAdmin.Blazor\CustompgAdmin.Blazor.csproj", "{19380B4E-6256-471F-997B-FD061D643B24}"
EndProject
Global
	GlobalSection(SolutionConfigurationPlatforms) = preSolution
		Debug|Any CPU = Debug|Any CPU
		Release|Any CPU = Release|Any CPU
	EndGlobalSection
	GlobalSection(ProjectConfigurationPlatforms) = postSolution
		{155E4DA6-82EA-4409-877B-EBD3E2AD13B5}.Debug|Any CPU.ActiveCfg = Debug|Any CPU
		{155E4DA6-82EA-4409-877B-EBD3E2AD13B5}.Debug|Any CPU.Build.0 = Debug|Any CPU
		{155E4DA6-82EA-4409-877B-EBD3E2AD13B5}.Release|Any CPU.ActiveCfg = Release|Any CPU
		{155E4DA6-82EA-4409-877B-EBD3E2AD13B5}.Release|Any CPU.Build.0 = Release|Any CPU
		{FDAB5411-8148-43B9-9D77-36A92468ECF9}.Debug|Any CPU.ActiveCfg = Debug|Any CPU
		{FDAB5411-8148-43B9-9D77-36A92468ECF9}.Debug|Any CPU.Build.0 = Debug|Any CPU
		{FDAB5411-8148-43B9-9D77-36A92468ECF9}.Release|Any CPU.ActiveCfg = Release|Any CPU
		{FDAB5411-8148-43B9-9D77-36A92468ECF9}.Release|Any CPU.Build.0 = Release|Any CPU
		{F21B3BDF-65D4-4AC0-957C-BF5C5C80BFA9}.Debug|Any CPU.ActiveCfg = Debug|Any CPU
		{F21B3BDF-65D4-4AC0-957C-BF5C5C80BFA9}.Debug|Any CPU.Build.0 = Debug|Any CPU
		{F21B3BDF-65D4-4AC0-957C-BF5C5C80BFA9}.Release|Any CPU.ActiveCfg = Release|Any CPU
		{F21B3BDF-65D4-4AC0-957C-BF5C5C80BFA9}.Release|Any CPU.Build.0 = Release|Any CPU
		{19380B4E-6256-471F-997B-FD061D643B24}.Debug|Any CPU.ActiveCfg = Debug|Any CPU
		{19380B4E-6256-471F-997B-FD061D643B24}.Debug|Any CPU.Build.0 = Debug|Any CPU
		{19380B4E-6256-471F-997B-FD061D643B24}.Release|Any CPU.ActiveCfg = Release|Any CPU
		{19380B4E-6256-471F-997B-FD061D643B24}.Release|Any CPU.Build.0 = Release|Any CPU
	EndGlobalSection
	GlobalSection(SolutionProperties) = preSolution
		HideSolutionNode = FALSE
	EndGlobalSection
	GlobalSection(ExtensibilityGlobals) = postSolution
		SolutionGuid = {5B6BF095-E9CA-4352-8A06-F2F3754BDE2C}
	EndGlobalSection
EndGlobal
